
Microsoft Visual Studio Solution File, Format Version 12.00
# Visual Studio Version 17
VisualStudioVersion = 17.14.37111.16 d17.14
MinimumVisualStudioVersion = 10.0.40219.1
Project("{FAE04EC0-301F-11D3-BF4B-00C04F79EFBC}") = "EcommerceApp.Backend", "EcommerceApp.Backend\EcommerceApp.Backend.csproj", "{54A68D88-00AE-4CB9-9046-CA125C217D2B}"
EndProject
Global
	GlobalSection(SolutionConfigurationPlatforms) = preSolution
		Debug|Any CPU = Debug|Any CPU
		Release|Any CPU = Release|Any CPU
	EndGlobalSection
	GlobalSection(ProjectConfigurationPlatforms) = postSolution
		{54A68D88-00AE-4CB9-9046-CA125C217D2B}.Debug|Any CPU.ActiveCfg = Debug|Any CPU
		{54A68D88-00AE-4CB9-9046-CA125C217D2B}.Debug|Any CPU.Build.0 = Debug|Any CPU
		{54A68D88-00AE-4CB9-9046-CA125C217D2B}.Release|Any CPU.ActiveCfg = Release|Any CPU
		{54A68D88-00AE-4CB9-9046-CA125C217D2B}.Release|Any CPU.Build.0 = Release|Any CPU
	EndGlobalSection
	GlobalSection(SolutionProperties) = preSolution
		HideSolutionNode = FALSE
	EndGlobalSection
	GlobalSection(ExtensibilityGlobals) = postSolution
		SolutionGuid = {066F6CDA-863D-44F0-B95C-3CD808204FE8}
	EndGlobalSection
EndGlobal
